
Microsoft Visual Studio Solution File, Format Version 12.00
# Visual Studio Version 16
VisualStudioVersion = 16.0.31313.79
MinimumVisualStudioVersion = 10.0.40219.1
Project("{9A19103F-16F7-4668-BE54-9A1E7A4F7556}") = "MergeDiana_GUI", "MergeDiana_GUI\MergeDiana_GUI.csproj", "{AB5EC862-5C0A-4D2B-8844-3963B8147C6C}"
EndProject
Project("{9A19103F-16F7-4668-BE54-9A1E7A4F7556}") = "MergeDiana", "..\MergeDiana\MergeDiana\MergeDiana.csproj", "{8C5C7EDE-8DC0-4E1E-96AF-2BD719F3136D}"
EndProject
Global
	GlobalSection(SolutionConfigurationPlatforms) = preSolution
		Debug|Any CPU = Debug|Any CPU
		Release|Any CPU = Release|Any CPU
	EndGlobalSection
	GlobalSection(ProjectConfigurationPlatforms) = postSolution
		{AB5EC862-5C0A-4D2B-8844-3963B8147C6C}.Debug|Any CPU.ActiveCfg = Debug|Any CPU
		{AB5EC862-5C0A-4D2B-8844-3963B8147C6C}.Debug|Any CPU.Build.0 = Debug|Any CPU
		{AB5EC862-5C0A-4D2B-8844-3963B8147C6C}.Release|Any CPU.ActiveCfg = Release|Any CPU
		{AB5EC862-5C0A-4D2B-8844-3963B8147C6C}.Release|Any CPU.Build.0 = Release|Any CPU
		{8C5C7EDE-8DC0-4E1E-96AF-2BD719F3136D}.Debug|Any CPU.ActiveCfg = Debug|Any CPU
		{8C5C7EDE-8DC0-4E1E-96AF-2BD719F3136D}.Debug|Any CPU.Build.0 = Debug|Any CPU
		{8C5C7EDE-8DC0-4E1E-96AF-2BD719F3136D}.Release|Any CPU.ActiveCfg = Release|Any CPU
		{8C5C7EDE-8DC0-4E1E-96AF-2BD719F3136D}.Release|Any CPU.Build.0 = Release|Any CPU
	EndGlobalSection
	GlobalSection(SolutionProperties) = preSolution
		HideSolutionNode = FALSE
	EndGlobalSection
	GlobalSection(ExtensibilityGlobals) = postSolution
		SolutionGuid = {61D2CCF9-B42F-4F11-9FDC-F03E2D25CC9A}
	EndGlobalSection
EndGlobal
